#MicroXplorer Configuration settings - do not modify
Mcu.Family=STM32F4
ProjectManager.MainLocation=Core/Src
PB13.GPIOParameters=GPIO_Label
PC7.GPIOParameters=GPIO_Label
ProjectManager.ProjectFileName=Project6.ioc
RCC.CortexFreq_Value=25000000
PB8.GPIOParameters=GPIO_Label
ADC1.Rank-0\#ChannelRegularConversion=1
PB9.GPIO_Label=E
ProjectManager.KeepUserCode=true
Mcu.UserName=STM32F401RBTx
Mcu.PinsNb=16
PC9.GPIO_Label=D7
ProjectManager.NoMain=false
ADC1.IPParameters=Rank-0\#ChannelRegularConversion,master,Channel-0\#ChannelRegularConversion,SamplingTime-0\#ChannelRegularConversion,NbrOfConversionFlag
RCC.PLLCLKFreq_Value=50000000
PB14.GPIO_Label=D2
RCC.PLLQCLKFreq_Value=25000000
PC7.Locked=true
ProjectManager.functionlistsort=1-MX_GPIO_Init-GPIO-false-HAL-true,2-SystemClock_Config-RCC-false-HAL-false,3-MX_ADC1_Init-ADC1-false-HAL-true,4-MX_SPI1_Init-SPI1-false-HAL-true
PC8.Signal=GPIO_Output
PC6.Signal=GPIO_Output
PC6.GPIO_Label=D4
PC3.Locked=true
RCC.RTCFreq_Value=32000
PC9.Locked=true
ProjectManager.DefaultFWLocation=true
PB12.Locked=true
ProjectManager.DeletePrevious=true
PB14.Locked=true
PB13.GPIO_Label=D1
PB15.Signal=GPIO_Output
PB13.Signal=GPIO_Output
PinOutPanel.RotationAngle=0
RCC.SYSCLKSource=RCC_SYSCLKSOURCE_PLLCLK
ProjectManager.StackSize=0x400
PC3.PinState=GPIO_PIN_SET
PA0-WKUP.Signal=ADCx_IN0
PB9.GPIOParameters=GPIO_Label
PC3.GPIOParameters=PinState
PC8.GPIO_Label=D6
Mcu.IP4=SYS
RCC.FCLKCortexFreq_Value=25000000
Mcu.IP2=NVIC
NVIC.SVCall_IRQn=true\:0\:0\:false\:false\:true\:false\:false
PB8.GPIO_Label=RS
Mcu.IP3=RCC
Mcu.IP0=ADC1
Mcu.IP1=I2C1
Mcu.UserConstants=
ProjectManager.TargetToolchain=STM32CubeIDE
Mcu.ThirdPartyNb=0
RCC.HCLKFreq_Value=25000000
Mcu.IPNb=5
RCC.I2SClocksFreq_Value=192000000
ProjectManager.PreviousToolchain=STM32CubeIDE
PC6.Locked=true
RCC.APB2TimFreq_Value=25000000
PA9.Signal=GPIO_Output
PB6.Signal=I2C1_SCL
RCC.VcooutputI2S=192000000
PC7.Signal=GPIO_Output
PB9.Locked=true
PB6.Mode=I2C
PC3.Signal=GPIO_Output
Mcu.Pin6=PC6
Mcu.Pin7=PC7
ProjectManager.RegisterCallBack=
Mcu.Pin8=PC8
Mcu.Pin9=PC9
RCC.LSE_VALUE=32768
RCC.AHBFreq_Value=25000000
PB13.Locked=true
Mcu.Pin0=PC3
Mcu.Pin1=PA0-WKUP
GPIO.groupedBy=Group By Peripherals
Mcu.Pin2=PB12
Mcu.Pin3=PB13
Mcu.Pin4=PB14
RCC.VCOI2SOutputFreq_Value=384000000
PB14.Signal=GPIO_Output
Mcu.Pin5=PB15
ADC1.Channel-0\#ChannelRegularConversion=ADC_CHANNEL_0
ProjectManager.ProjectBuild=false
RCC.HSE_VALUE=25000000
NVIC.UsageFault_IRQn=true\:0\:0\:false\:false\:true\:false\:false
NVIC.DebugMonitor_IRQn=true\:0\:0\:false\:false\:true\:false\:false
board=custom
RCC.VCOOutputFreq_Value=100000000
NVIC.SysTick_IRQn=true\:0\:0\:false\:false\:true\:false\:true
ProjectManager.LastFirmware=false
PB12.GPIO_Label=D0
ProjectManager.FirmwarePackage=STM32Cube FW_F4 V1.26.0
MxDb.Version=DB.6.0.21
RCC.APB2Freq_Value=25000000
ProjectManager.BackupPrevious=false
MxCube.Version=6.2.1
RCC.VCOInputFreq_Value=2000000
PB15.GPIO_Label=D3
SH.ADCx_IN0.ConfNb=1
File.Version=6
VP_SYS_VS_Systick.Mode=SysTick
PA9.Locked=true
PB7.Signal=I2C1_SDA
PB8.Locked=true
NVIC.NonMaskableInt_IRQn=true\:0\:0\:false\:false\:true\:false\:false
RCC.AHBCLKDivider=RCC_SYSCLK_DIV2
SH.ADCx_IN0.0=ADC1_IN0,IN0
NVIC.PendSV_IRQn=true\:0\:0\:false\:false\:true\:false\:false
PB15.GPIOParameters=GPIO_Label
ProjectManager.FreePins=false
RCC.IPParameters=48MHZClocksFreq_Value,AHBCLKDivider,AHBFreq_Value,APB1Freq_Value,APB1TimFreq_Value,APB2Freq_Value,APB2TimFreq_Value,CortexFreq_Value,FCLKCortexFreq_Value,HCLKFreq_Value,HSE_VALUE,HSI_VALUE,I2SClocksFreq_Value,LSE_VALUE,LSI_VALUE,MCO2PinFreq_Value,PLLCLKFreq_Value,PLLM,PLLN,PLLQCLKFreq_Value,RTCFreq_Value,RTCHSEDivFreq_Value,SYSCLKFreq_VALUE,SYSCLKSource,VCOI2SOutputFreq_Value,VCOInputFreq_Value,VCOOutputFreq_Value,VcooutputI2S
PC9.GPIOParameters=GPIO_Label
ProjectManager.AskForMigrate=true
Mcu.Name=STM32F401R(B-C)Tx
ProjectManager.HalAssertFull=false
ADC1.SamplingTime-0\#ChannelRegularConversion=ADC_SAMPLETIME_3CYCLES
RCC.RTCHSEDivFreq_Value=12500000
ProjectManager.ProjectName=Project6
ProjectManager.UnderRoot=true
PC7.GPIO_Label=D5
ProjectManager.CoupleFile=false
RCC.48MHZClocksFreq_Value=25000000
RCC.MCO2PinFreq_Value=50000000
PC8.GPIOParameters=GPIO_Label
RCC.SYSCLKFreq_VALUE=50000000
Mcu.Package=LQFP64
PB9.Signal=GPIO_Output
ADC1.master=1
NVIC.ForceEnableDMAVector=true
KeepUserPlacement=false
NVIC.MemoryManagement_IRQn=true\:0\:0\:false\:false\:true\:false\:false
ProjectManager.CompilerOptimize=6
ProjectManager.ToolChainLocation=
RCC.LSI_VALUE=32000
VP_SYS_VS_Systick.Signal=SYS_VS_Systick
PB7.Mode=I2C
ProjectManager.HeapSize=0x200
Mcu.Pin15=VP_SYS_VS_Systick
NVIC.HardFault_IRQn=true\:0\:0\:false\:false\:true\:false\:false
Mcu.Pin13=PB8
PC6.GPIOParameters=GPIO_Label
Mcu.Pin14=PB9
PB14.GPIOParameters=GPIO_Label
ProjectManager.ComputerToolchain=false
RCC.HSI_VALUE=16000000
NVIC.PriorityGroup=NVIC_PRIORITYGROUP_4
ADC1.NbrOfConversionFlag=1
Mcu.Pin11=PB6
Mcu.Pin12=PB7
RCC.PLLM=8
RCC.PLLN=50
Mcu.Pin10=PA9
RCC.APB1TimFreq_Value=25000000
PB8.Signal=GPIO_Output
NVIC.BusFault_IRQn=true\:0\:0\:false\:false\:true\:false\:false
PC8.Locked=true
PC9.Signal=GPIO_Output
RCC.APB1Freq_Value=25000000
ProjectManager.CustomerFirmwarePackage=
ProjectManager.DeviceId=STM32F401RBTx
PB12.GPIOParameters=GPIO_Label
PB12.Signal=GPIO_Output
ProjectManager.LibraryCopy=1
PB15.Locked=true
isbadioc=false
